
Microsoft Visual Studio Solution File, Format Version 12.00
# Visual Studio Version 17
VisualStudioVersion = 17.4.33122.133
MinimumVisualStudioVersion = 10.0.40219.1
Project("{FAE04EC0-301F-11D3-BF4B-00C04F79EFBC}") = "aula14_Dezembro", "aula14_Dezembro.csproj", "{CDAFAB4E-3C7F-40E5-9057-2CA343C84BA5}"
EndProject
Global
	GlobalSection(SolutionConfigurationPlatforms) = preSolution
		Debug|Any CPU = Debug|Any CPU
		Release|Any CPU = Release|Any CPU
	EndGlobalSection
	GlobalSection(ProjectConfigurationPlatforms) = postSolution
		{CDAFAB4E-3C7F-40E5-9057-2CA343C84BA5}.Debug|Any CPU.ActiveCfg = Debug|Any CPU
		{CDAFAB4E-3C7F-40E5-9057-2CA343C84BA5}.Debug|Any CPU.Build.0 = Debug|Any CPU
		{CDAFAB4E-3C7F-40E5-9057-2CA343C84BA5}.Release|Any CPU.ActiveCfg = Release|Any CPU
		{CDAFAB4E-3C7F-40E5-9057-2CA343C84BA5}.Release|Any CPU.Build.0 = Release|Any CPU
	EndGlobalSection
	GlobalSection(SolutionProperties) = preSolution
		HideSolutionNode = FALSE
	EndGlobalSection
	GlobalSection(ExtensibilityGlobals) = postSolution
		SolutionGuid = {66704DF9-31E8-451F-8DDD-C8436E307743}
	EndGlobalSection
EndGlobal
